// !$*UTF8*$!
{
	archiveVersion = 1;
	classes = {
	};
	objectVersion = 50;
	objects = {

/* Begin PBXBuildFile section */
		7727262D25A8CDFB0037F4A0 /* DisplayContainer.swift in Sources */ = {isa = PBXBuildFile; fileRef = 7727262C25A8CDFB0037F4A0 /* DisplayContainer.swift */; };
		7727263125A8CEB40037F4A0 /* CoreDataProvider.swift in Sources */ = {isa = PBXBuildFile; fileRef = 7727263025A8CEB40037F4A0 /* CoreDataProvider.swift */; };
		7727263625A8CF060037F4A0 /* CoreDataService.swift in Sources */ = {isa = PBXBuildFile; fileRef = 7727263525A8CF060037F4A0 /* CoreDataService.swift */; };
		7727263B25A8D00C0037F4A0 /* AppContext+CoreDataProvider.swift in Sources */ = {isa = PBXBuildFile; fileRef = 7727263A25A8D00C0037F4A0 /* AppContext+CoreDataProvider.swift */; };
		7727265125A8D5C60037F4A0 /* RootCoordinatorTests.swift in Sources */ = {isa = PBXBuildFile; fileRef = 7727265025A8D5C60037F4A0 /* RootCoordinatorTests.swift */; };
		7727265825A8D7B50037F4A0 /* MockDisplayContainer.swift in Sources */ = {isa = PBXBuildFile; fileRef = 7727265725A8D7B50037F4A0 /* MockDisplayContainer.swift */; };
		7727266025A8D9300037F4A0 /* MockAppContext.swift in Sources */ = {isa = PBXBuildFile; fileRef = 7727265F25A8D9300037F4A0 /* MockAppContext.swift */; };
		7727266A25A8DCE00037F4A0 /* SplitViewController.swift in Sources */ = {isa = PBXBuildFile; fileRef = 7727266925A8DCE00037F4A0 /* SplitViewController.swift */; };
		7727266E25A8E2860037F4A0 /* ChildVCContainer.swift in Sources */ = {isa = PBXBuildFile; fileRef = 7727266D25A8E2860037F4A0 /* ChildVCContainer.swift */; };
		7727267625A8E3550037F4A0 /* MenuCoordinator.swift in Sources */ = {isa = PBXBuildFile; fileRef = 7727267525A8E3550037F4A0 /* MenuCoordinator.swift */; };
		7727267A25A8E3C00037F4A0 /* MenuViewController.swift in Sources */ = {isa = PBXBuildFile; fileRef = 7727267925A8E3C00037F4A0 /* MenuViewController.swift */; };
		7727268025A8E9FF0037F4A0 /* MenuCoordinatorTests.swift in Sources */ = {isa = PBXBuildFile; fileRef = 7727267F25A8E9FF0037F4A0 /* MenuCoordinatorTests.swift */; };
		772FBBC625A904450056EE0F /* MenuItemViewModel.swift in Sources */ = {isa = PBXBuildFile; fileRef = 772FBBC525A904450056EE0F /* MenuItemViewModel.swift */; };
		772FBBCA25A9057A0056EE0F /* Style.swift in Sources */ = {isa = PBXBuildFile; fileRef = 772FBBC925A9057A0056EE0F /* Style.swift */; };
		772FBBD425A906A40056EE0F /* MenuRow.swift in Sources */ = {isa = PBXBuildFile; fileRef = 772FBBD325A906A40056EE0F /* MenuRow.swift */; };
		7748DD2A25A8B9300022515E /* AppDelegate.swift in Sources */ = {isa = PBXBuildFile; fileRef = 7748DD2925A8B9300022515E /* AppDelegate.swift */; };
		7748DD3425A8B9300022515E /* CV.xcdatamodeld in Sources */ = {isa = PBXBuildFile; fileRef = 7748DD3225A8B9300022515E /* CV.xcdatamodeld */; };
		7748DD3625A8B9300022515E /* Assets.xcassets in Resources */ = {isa = PBXBuildFile; fileRef = 7748DD3525A8B9300022515E /* Assets.xcassets */; };
		7748DD3925A8B9300022515E /* LaunchScreen.storyboard in Resources */ = {isa = PBXBuildFile; fileRef = 7748DD3725A8B9300022515E /* LaunchScreen.storyboard */; };
		7748DD4B25A8C75D0022515E /* Coordinator.swift in Sources */ = {isa = PBXBuildFile; fileRef = 7748DD4A25A8C75D0022515E /* Coordinator.swift */; };
		7748DD4F25A8C8F00022515E /* AppContext.swift in Sources */ = {isa = PBXBuildFile; fileRef = 7748DD4E25A8C8F00022515E /* AppContext.swift */; };
		7748DD5325A8C9470022515E /* RootCoordinator.swift in Sources */ = {isa = PBXBuildFile; fileRef = 7748DD5225A8C9470022515E /* RootCoordinator.swift */; };
		7770DBAC25A9082A00FE3E66 /* UITableViewCell+ext.swift in Sources */ = {isa = PBXBuildFile; fileRef = 7770DBAB25A9082A00FE3E66 /* UITableViewCell+ext.swift */; };
		77ECB4F825A8F32D00830A82 /* UIColor+ext.swift in Sources */ = {isa = PBXBuildFile; fileRef = 77ECB4F725A8F32D00830A82 /* UIColor+ext.swift */; };
		77ECB4FD25A8F43200830A82 /* UsesAutoLayout.swift in Sources */ = {isa = PBXBuildFile; fileRef = 77ECB4FC25A8F43200830A82 /* UsesAutoLayout.swift */; };
		77ECB50325A8F5B700830A82 /* Constraints.swift in Sources */ = {isa = PBXBuildFile; fileRef = 77ECB50225A8F5B700830A82 /* Constraints.swift */; };
		77ECB50725A900D700830A82 /* MenuViewModel.swift in Sources */ = {isa = PBXBuildFile; fileRef = 77ECB50625A900D700830A82 /* MenuViewModel.swift */; };
		77ECB50D25A903C100830A82 /* MenuItemTableViewCell.swift in Sources */ = {isa = PBXBuildFile; fileRef = 77ECB50C25A903C100830A82 /* MenuItemTableViewCell.swift */; };
/* End PBXBuildFile section */

/* Begin PBXContainerItemProxy section */
		7727264725A8D5990037F4A0 /* PBXContainerItemProxy */ = {
			isa = PBXContainerItemProxy;
			containerPortal = 7748DD1E25A8B9300022515E /* Project object */;
			proxyType = 1;
			remoteGlobalIDString = 7748DD2525A8B9300022515E;
			remoteInfo = CV;
		};
/* End PBXContainerItemProxy section */

/* Begin PBXFileReference section */
		7727262C25A8CDFB0037F4A0 /* DisplayContainer.swift */ = {isa = PBXFileReference; lastKnownFileType = sourcecode.swift; path = DisplayContainer.swift; sourceTree = "<group>"; };
		7727263025A8CEB40037F4A0 /* CoreDataProvider.swift */ = {isa = PBXFileReference; lastKnownFileType = sourcecode.swift; path = CoreDataProvider.swift; sourceTree = "<group>"; };
		7727263525A8CF060037F4A0 /* CoreDataService.swift */ = {isa = PBXFileReference; lastKnownFileType = sourcecode.swift; path = CoreDataService.swift; sourceTree = "<group>"; };
		7727263A25A8D00C0037F4A0 /* AppContext+CoreDataProvider.swift */ = {isa = PBXFileReference; lastKnownFileType = sourcecode.swift; path = "AppContext+CoreDataProvider.swift"; sourceTree = "<group>"; };
		7727264225A8D5990037F4A0 /* CVUnitTests.xctest */ = {isa = PBXFileReference; explicitFileType = wrapper.cfbundle; includeInIndex = 0; path = CVUnitTests.xctest; sourceTree = BUILT_PRODUCTS_DIR; };
		7727264625A8D5990037F4A0 /* Info.plist */ = {isa = PBXFileReference; lastKnownFileType = text.plist.xml; path = Info.plist; sourceTree = "<group>"; };
		7727265025A8D5C60037F4A0 /* RootCoordinatorTests.swift */ = {isa = PBXFileReference; lastKnownFileType = sourcecode.swift; path = RootCoordinatorTests.swift; sourceTree = "<group>"; };
		7727265725A8D7B50037F4A0 /* MockDisplayContainer.swift */ = {isa = PBXFileReference; lastKnownFileType = sourcecode.swift; path = MockDisplayContainer.swift; sourceTree = "<group>"; };
		7727265F25A8D9300037F4A0 /* MockAppContext.swift */ = {isa = PBXFileReference; lastKnownFileType = sourcecode.swift; path = MockAppContext.swift; sourceTree = "<group>"; };
		7727266925A8DCE00037F4A0 /* SplitViewController.swift */ = {isa = PBXFileReference; lastKnownFileType = sourcecode.swift; path = SplitViewController.swift; sourceTree = "<group>"; };
		7727266D25A8E2860037F4A0 /* ChildVCContainer.swift */ = {isa = PBXFileReference; lastKnownFileType = sourcecode.swift; path = ChildVCContainer.swift; sourceTree = "<group>"; };
		7727267525A8E3550037F4A0 /* MenuCoordinator.swift */ = {isa = PBXFileReference; lastKnownFileType = sourcecode.swift; path = MenuCoordinator.swift; sourceTree = "<group>"; };
		7727267925A8E3C00037F4A0 /* MenuViewController.swift */ = {isa = PBXFileReference; lastKnownFileType = sourcecode.swift; path = MenuViewController.swift; sourceTree = "<group>"; };
		7727267F25A8E9FF0037F4A0 /* MenuCoordinatorTests.swift */ = {isa = PBXFileReference; lastKnownFileType = sourcecode.swift; path = MenuCoordinatorTests.swift; sourceTree = "<group>"; };
		772FBBC525A904450056EE0F /* MenuItemViewModel.swift */ = {isa = PBXFileReference; lastKnownFileType = sourcecode.swift; path = MenuItemViewModel.swift; sourceTree = "<group>"; };
		772FBBC925A9057A0056EE0F /* Style.swift */ = {isa = PBXFileReference; lastKnownFileType = sourcecode.swift; path = Style.swift; sourceTree = "<group>"; };
		772FBBD325A906A40056EE0F /* MenuRow.swift */ = {isa = PBXFileReference; lastKnownFileType = sourcecode.swift; path = MenuRow.swift; sourceTree = "<group>"; };
		7748DD2625A8B9300022515E /* CV.app */ = {isa = PBXFileReference; explicitFileType = wrapper.application; includeInIndex = 0; path = CV.app; sourceTree = BUILT_PRODUCTS_DIR; };
		7748DD2925A8B9300022515E /* AppDelegate.swift */ = {isa = PBXFileReference; lastKnownFileType = sourcecode.swift; path = AppDelegate.swift; sourceTree = "<group>"; };
		7748DD3325A8B9300022515E /* CV.xcdatamodel */ = {isa = PBXFileReference; lastKnownFileType = wrapper.xcdatamodel; path = CV.xcdatamodel; sourceTree = "<group>"; };
		7748DD3525A8B9300022515E /* Assets.xcassets */ = {isa = PBXFileReference; lastKnownFileType = folder.assetcatalog; path = Assets.xcassets; sourceTree = "<group>"; };
		7748DD3825A8B9300022515E /* Base */ = {isa = PBXFileReference; lastKnownFileType = file.storyboard; name = Base; path = Base.lproj/LaunchScreen.storyboard; sourceTree = "<group>"; };
		7748DD3A25A8B9300022515E /* Info.plist */ = {isa = PBXFileReference; lastKnownFileType = text.plist.xml; path = Info.plist; sourceTree = "<group>"; };
		7748DD4A25A8C75D0022515E /* Coordinator.swift */ = {isa = PBXFileReference; lastKnownFileType = sourcecode.swift; path = Coordinator.swift; sourceTree = "<group>"; };
		7748DD4E25A8C8F00022515E /* AppContext.swift */ = {isa = PBXFileReference; lastKnownFileType = sourcecode.swift; path = AppContext.swift; sourceTree = "<group>"; };
		7748DD5225A8C9470022515E /* RootCoordinator.swift */ = {isa = PBXFileReference; lastKnownFileType = sourcecode.swift; path = RootCoordinator.swift; sourceTree = "<group>"; };
		7770DBAB25A9082A00FE3E66 /* UITableViewCell+ext.swift */ = {isa = PBXFileReference; lastKnownFileType = sourcecode.swift; path = "UITableViewCell+ext.swift"; sourceTree = "<group>"; };
		77ECB4F725A8F32D00830A82 /* UIColor+ext.swift */ = {isa = PBXFileReference; lastKnownFileType = sourcecode.swift; path = "UIColor+ext.swift"; sourceTree = "<group>"; };
		77ECB4FC25A8F43200830A82 /* UsesAutoLayout.swift */ = {isa = PBXFileReference; lastKnownFileType = sourcecode.swift; path = UsesAutoLayout.swift; sourceTree = "<group>"; };
		77ECB50225A8F5B700830A82 /* Constraints.swift */ = {isa = PBXFileReference; lastKnownFileType = sourcecode.swift; path = Constraints.swift; sourceTree = "<group>"; };
		77ECB50625A900D700830A82 /* MenuViewModel.swift */ = {isa = PBXFileReference; lastKnownFileType = sourcecode.swift; path = MenuViewModel.swift; sourceTree = "<group>"; };
		77ECB50C25A903C100830A82 /* MenuItemTableViewCell.swift */ = {isa = PBXFileReference; lastKnownFileType = sourcecode.swift; path = MenuItemTableViewCell.swift; sourceTree = "<group>"; };
/* End PBXFileReference section */

/* Begin PBXFrameworksBuildPhase section */
		7727263F25A8D5990037F4A0 /* Frameworks */ = {
			isa = PBXFrameworksBuildPhase;
			buildActionMask = 2147483647;
			files = (
			);
			runOnlyForDeploymentPostprocessing = 0;
		};
		7748DD2325A8B9300022515E /* Frameworks */ = {
			isa = PBXFrameworksBuildPhase;
			buildActionMask = 2147483647;
			files = (
			);
			runOnlyForDeploymentPostprocessing = 0;
		};
/* End PBXFrameworksBuildPhase section */

/* Begin PBXGroup section */
		7727262825A8CBDC0037F4A0 /* Resources */ = {
			isa = PBXGroup;
			children = (
				7748DD3725A8B9300022515E /* LaunchScreen.storyboard */,
				7748DD3525A8B9300022515E /* Assets.xcassets */,
			);
			path = Resources;
			sourceTree = "<group>";
		};
		7727262F25A8CE770037F4A0 /* AppContext */ = {
			isa = PBXGroup;
			children = (
				7727263925A8CFF40037F4A0 /* Extensions */,
				7727263425A8CEFB0037F4A0 /* Services */,
				7727263325A8CEF40037F4A0 /* Protocols */,
				7748DD4E25A8C8F00022515E /* AppContext.swift */,
			);
			path = AppContext;
			sourceTree = "<group>";
		};
		7727263325A8CEF40037F4A0 /* Protocols */ = {
			isa = PBXGroup;
			children = (
				7727263025A8CEB40037F4A0 /* CoreDataProvider.swift */,
			);
			path = Protocols;
			sourceTree = "<group>";
		};
		7727263425A8CEFB0037F4A0 /* Services */ = {
			isa = PBXGroup;
			children = (
				7727263525A8CF060037F4A0 /* CoreDataService.swift */,
			);
			path = Services;
			sourceTree = "<group>";
		};
		7727263925A8CFF40037F4A0 /* Extensions */ = {
			isa = PBXGroup;
			children = (
				7727263A25A8D00C0037F4A0 /* AppContext+CoreDataProvider.swift */,
			);
			path = Extensions;
			sourceTree = "<group>";
		};
		7727264325A8D5990037F4A0 /* CVUnitTests */ = {
			isa = PBXGroup;
			children = (
				7727266325A8DAA70037F4A0 /* Tests */,
				7727265625A8D7950037F4A0 /* Mocks */,
				7727264625A8D5990037F4A0 /* Info.plist */,
			);
			path = CVUnitTests;
			sourceTree = "<group>";
		};
		7727264E25A8D5B40037F4A0 /* Shared */ = {
			isa = PBXGroup;
			children = (
				7727264F25A8D5B90037F4A0 /* Coordinators */,
			);
			path = Shared;
			sourceTree = "<group>";
		};
		7727264F25A8D5B90037F4A0 /* Coordinators */ = {
			isa = PBXGroup;
			children = (
				7727265025A8D5C60037F4A0 /* RootCoordinatorTests.swift */,
			);
			path = Coordinators;
			sourceTree = "<group>";
		};
		7727265625A8D7950037F4A0 /* Mocks */ = {
			isa = PBXGroup;
			children = (
				7727265725A8D7B50037F4A0 /* MockDisplayContainer.swift */,
				7727265F25A8D9300037F4A0 /* MockAppContext.swift */,
			);
			path = Mocks;
			sourceTree = "<group>";
		};
		7727266325A8DAA70037F4A0 /* Tests */ = {
			isa = PBXGroup;
			children = (
				7727267D25A8E9EC0037F4A0 /* Content */,
				7727264E25A8D5B40037F4A0 /* Shared */,
			);
			path = Tests;
			sourceTree = "<group>";
		};
		7727266825A8DCCF0037F4A0 /* UI */ = {
			isa = PBXGroup;
			children = (
				7727266925A8DCE00037F4A0 /* SplitViewController.swift */,
				7727266D25A8E2860037F4A0 /* ChildVCContainer.swift */,
				77ECB50225A8F5B700830A82 /* Constraints.swift */,
				772FBBC925A9057A0056EE0F /* Style.swift */,
			);
			path = UI;
			sourceTree = "<group>";
		};
		7727267325A8E32F0037F4A0 /* Menu */ = {
			isa = PBXGroup;
			children = (
				772FBBD225A906940056EE0F /* Enums */,
				772FBBCD25A906620056EE0F /* Views */,
				77ECB51025A903C400830A82 /* ViewModels */,
				7727267525A8E3550037F4A0 /* MenuCoordinator.swift */,
			);
			path = Menu;
			sourceTree = "<group>";
		};
		7727267D25A8E9EC0037F4A0 /* Content */ = {
			isa = PBXGroup;
			children = (
				7727267E25A8E9F40037F4A0 /* Menu */,
			);
			path = Content;
			sourceTree = "<group>";
		};
		7727267E25A8E9F40037F4A0 /* Menu */ = {
			isa = PBXGroup;
			children = (
				7727267F25A8E9FF0037F4A0 /* MenuCoordinatorTests.swift */,
			);
			path = Menu;
			sourceTree = "<group>";
		};
		772FBBCD25A906620056EE0F /* Views */ = {
			isa = PBXGroup;
			children = (
				7727267925A8E3C00037F4A0 /* MenuViewController.swift */,
				77ECB50C25A903C100830A82 /* MenuItemTableViewCell.swift */,
			);
			path = Views;
			sourceTree = "<group>";
		};
		772FBBD225A906940056EE0F /* Enums */ = {
			isa = PBXGroup;
			children = (
				772FBBD325A906A40056EE0F /* MenuRow.swift */,
			);
			path = Enums;
			sourceTree = "<group>";
		};
		7748DD1D25A8B9300022515E = {
			isa = PBXGroup;
			children = (
				7748DD2825A8B9300022515E /* CV */,
				7727264325A8D5990037F4A0 /* CVUnitTests */,
				7748DD2725A8B9300022515E /* Products */,
			);
			sourceTree = "<group>";
		};
		7748DD2725A8B9300022515E /* Products */ = {
			isa = PBXGroup;
			children = (
				7748DD2625A8B9300022515E /* CV.app */,
				7727264225A8D5990037F4A0 /* CVUnitTests.xctest */,
			);
			name = Products;
			sourceTree = "<group>";
		};
		7748DD2825A8B9300022515E /* CV */ = {
			isa = PBXGroup;
			children = (
				7748DD4625A8C7290022515E /* App */,
				7727262825A8CBDC0037F4A0 /* Resources */,
				7748DD4925A8C7470022515E /* Content */,
				7748DD4725A8C7340022515E /* Shared */,
				7748DD3A25A8B9300022515E /* Info.plist */,
				7748DD3225A8B9300022515E /* CV.xcdatamodeld */,
			);
			path = CV;
			sourceTree = "<group>";
		};
		7748DD4625A8C7290022515E /* App */ = {
			isa = PBXGroup;
			children = (
				7748DD2925A8B9300022515E /* AppDelegate.swift */,
			);
			path = App;
			sourceTree = "<group>";
		};
		7748DD4725A8C7340022515E /* Shared */ = {
			isa = PBXGroup;
			children = (
				77ECB4FB25A8F42200830A82 /* PropertyWrappers */,
				77ECB4F625A8F32000830A82 /* Extensions */,
				7727266825A8DCCF0037F4A0 /* UI */,
				7727262F25A8CE770037F4A0 /* AppContext */,
				7748DD5125A8C9370022515E /* Coordinators */,
				7748DD4825A8C73E0022515E /* Protocols */,
			);
			path = Shared;
			sourceTree = "<group>";
		};
		7748DD4825A8C73E0022515E /* Protocols */ = {
			isa = PBXGroup;
			children = (
				7748DD4A25A8C75D0022515E /* Coordinator.swift */,
				7727262C25A8CDFB0037F4A0 /* DisplayContainer.swift */,
			);
			path = Protocols;
			sourceTree = "<group>";
		};
		7748DD4925A8C7470022515E /* Content */ = {
			isa = PBXGroup;
			children = (
				7727267325A8E32F0037F4A0 /* Menu */,
			);
			path = Content;
			sourceTree = "<group>";
		};
		7748DD5125A8C9370022515E /* Coordinators */ = {
			isa = PBXGroup;
			children = (
				7748DD5225A8C9470022515E /* RootCoordinator.swift */,
			);
			path = Coordinators;
			sourceTree = "<group>";
		};
		77ECB4F625A8F32000830A82 /* Extensions */ = {
			isa = PBXGroup;
			children = (
				77ECB4F725A8F32D00830A82 /* UIColor+ext.swift */,
				7770DBAB25A9082A00FE3E66 /* UITableViewCell+ext.swift */,
			);
			path = Extensions;
			sourceTree = "<group>";
		};
		77ECB4FB25A8F42200830A82 /* PropertyWrappers */ = {
			isa = PBXGroup;
			children = (
				77ECB4FC25A8F43200830A82 /* UsesAutoLayout.swift */,
			);
			path = PropertyWrappers;
			sourceTree = "<group>";
		};
		77ECB51025A903C400830A82 /* ViewModels */ = {
			isa = PBXGroup;
			children = (
				77ECB50625A900D700830A82 /* MenuViewModel.swift */,
				772FBBC525A904450056EE0F /* MenuItemViewModel.swift */,
			);
			path = ViewModels;
			sourceTree = "<group>";
		};
/* End PBXGroup section */

/* Begin PBXNativeTarget section */
		7727264125A8D5990037F4A0 /* CVUnitTests */ = {
			isa = PBXNativeTarget;
			buildConfigurationList = 7727264925A8D5990037F4A0 /* Build configuration list for PBXNativeTarget "CVUnitTests" */;
			buildPhases = (
				7727263E25A8D5990037F4A0 /* Sources */,
				7727263F25A8D5990037F4A0 /* Frameworks */,
				7727264025A8D5990037F4A0 /* Resources */,
			);
			buildRules = (
			);
			dependencies = (
				7727264825A8D5990037F4A0 /* PBXTargetDependency */,
			);
			name = CVUnitTests;
			productName = CVUnitTests;
			productReference = 7727264225A8D5990037F4A0 /* CVUnitTests.xctest */;
			productType = "com.apple.product-type.bundle.unit-test";
		};
		7748DD2525A8B9300022515E /* CV */ = {
			isa = PBXNativeTarget;
			buildConfigurationList = 7748DD3D25A8B9300022515E /* Build configuration list for PBXNativeTarget "CV" */;
			buildPhases = (
				7748DD2225A8B9300022515E /* Sources */,
				7748DD2325A8B9300022515E /* Frameworks */,
				7748DD2425A8B9300022515E /* Resources */,
			);
			buildRules = (
			);
			dependencies = (
			);
			name = CV;
			productName = CV;
			productReference = 7748DD2625A8B9300022515E /* CV.app */;
			productType = "com.apple.product-type.application";
		};
/* End PBXNativeTarget section */

/* Begin PBXProject section */
		7748DD1E25A8B9300022515E /* Project object */ = {
			isa = PBXProject;
			attributes = {
				LastSwiftUpdateCheck = 1230;
				LastUpgradeCheck = 1230;
				TargetAttributes = {
					7727264125A8D5990037F4A0 = {
						CreatedOnToolsVersion = 12.3;
						TestTargetID = 7748DD2525A8B9300022515E;
					};
					7748DD2525A8B9300022515E = {
						CreatedOnToolsVersion = 12.3;
					};
				};
			};
			buildConfigurationList = 7748DD2125A8B9300022515E /* Build configuration list for PBXProject "CV" */;
			compatibilityVersion = "Xcode 9.3";
			developmentRegion = en;
			hasScannedForEncodings = 0;
			knownRegions = (
				en,
				Base,
			);
			mainGroup = 7748DD1D25A8B9300022515E;
			productRefGroup = 7748DD2725A8B9300022515E /* Products */;
			projectDirPath = "";
			projectRoot = "";
			targets = (
				7748DD2525A8B9300022515E /* CV */,
				7727264125A8D5990037F4A0 /* CVUnitTests */,
			);
		};
/* End PBXProject section */

/* Begin PBXResourcesBuildPhase section */
		7727264025A8D5990037F4A0 /* Resources */ = {
			isa = PBXResourcesBuildPhase;
			buildActionMask = 2147483647;
			files = (
			);
			runOnlyForDeploymentPostprocessing = 0;
		};
		7748DD2425A8B9300022515E /* Resources */ = {
			isa = PBXResourcesBuildPhase;
			buildActionMask = 2147483647;
			files = (
				7748DD3925A8B9300022515E /* LaunchScreen.storyboard in Resources */,
				7748DD3625A8B9300022515E /* Assets.xcassets in Resources */,
			);
			runOnlyForDeploymentPostprocessing = 0;
		};
/* End PBXResourcesBuildPhase section */

/* Begin PBXSourcesBuildPhase section */
		7727263E25A8D5990037F4A0 /* Sources */ = {
			isa = PBXSourcesBuildPhase;
			buildActionMask = 2147483647;
			files = (
				7727265125A8D5C60037F4A0 /* RootCoordinatorTests.swift in Sources */,
				7727268025A8E9FF0037F4A0 /* MenuCoordinatorTests.swift in Sources */,
				7727266025A8D9300037F4A0 /* MockAppContext.swift in Sources */,
				7727265825A8D7B50037F4A0 /* MockDisplayContainer.swift in Sources */,
			);
			runOnlyForDeploymentPostprocessing = 0;
		};
		7748DD2225A8B9300022515E /* Sources */ = {
			isa = PBXSourcesBuildPhase;
			buildActionMask = 2147483647;
			files = (
				7748DD4B25A8C75D0022515E /* Coordinator.swift in Sources */,
				77ECB4FD25A8F43200830A82 /* UsesAutoLayout.swift in Sources */,
				7727267625A8E3550037F4A0 /* MenuCoordinator.swift in Sources */,
				77ECB50D25A903C100830A82 /* MenuItemTableViewCell.swift in Sources */,
				7727266E25A8E2860037F4A0 /* ChildVCContainer.swift in Sources */,
				77ECB50325A8F5B700830A82 /* Constraints.swift in Sources */,
				7727263B25A8D00C0037F4A0 /* AppContext+CoreDataProvider.swift in Sources */,
				7770DBAC25A9082A00FE3E66 /* UITableViewCell+ext.swift in Sources */,
				7727266A25A8DCE00037F4A0 /* SplitViewController.swift in Sources */,
				772FBBD425A906A40056EE0F /* MenuRow.swift in Sources */,
				772FBBC625A904450056EE0F /* MenuItemViewModel.swift in Sources */,
				77ECB4F825A8F32D00830A82 /* UIColor+ext.swift in Sources */,
				7748DD4F25A8C8F00022515E /* AppContext.swift in Sources */,
				7727262D25A8CDFB0037F4A0 /* DisplayContainer.swift in Sources */,
				7727267A25A8E3C00037F4A0 /* MenuViewController.swift in Sources */,
				7748DD3425A8B9300022515E /* CV.xcdatamodeld in Sources */,
				7748DD5325A8C9470022515E /* RootCoordinator.swift in Sources */,
				7748DD2A25A8B9300022515E /* AppDelegate.swift in Sources */,
				77ECB50725A900D700830A82 /* MenuViewModel.swift in Sources */,
				7727263625A8CF060037F4A0 /* CoreDataService.swift in Sources */,
				7727263125A8CEB40037F4A0 /* CoreDataProvider.swift in Sources */,
				772FBBCA25A9057A0056EE0F /* Style.swift in Sources */,
			);
			runOnlyForDeploymentPostprocessing = 0;
		};
/* End PBXSourcesBuildPhase section */

/* Begin PBXTargetDependency section */
		7727264825A8D5990037F4A0 /* PBXTargetDependency */ = {
			isa = PBXTargetDependency;
			target = 7748DD2525A8B9300022515E /* CV */;
			targetProxy = 7727264725A8D5990037F4A0 /* PBXContainerItemProxy */;
		};
/* End PBXTargetDependency section */

/* Begin PBXVariantGroup section */
		7748DD3725A8B9300022515E /* LaunchScreen.storyboard */ = {
			isa = PBXVariantGroup;
			children = (
				7748DD3825A8B9300022515E /* Base */,
			);
			name = LaunchScreen.storyboard;
			sourceTree = "<group>";
		};
/* End PBXVariantGroup section */

/* Begin XCBuildConfiguration section */
		7727264A25A8D5990037F4A0 /* Debug */ = {
			isa = XCBuildConfiguration;
			buildSettings = {
				BUNDLE_LOADER = "$(TEST_HOST)";
				CODE_SIGN_STYLE = Automatic;
				DEVELOPMENT_TEAM = MB77WLZ4ZC;
				INFOPLIST_FILE = CVUnitTests/Info.plist;
				LD_RUNPATH_SEARCH_PATHS = (
					"$(inherited)",
					"@executable_path/Frameworks",
					"@loader_path/Frameworks",
				);
				PRODUCT_BUNDLE_IDENTIFIER = pl.ldo.CVUnitTests;
				PRODUCT_NAME = "$(TARGET_NAME)";
				SWIFT_VERSION = 5.0;
				TARGETED_DEVICE_FAMILY = "1,2";
				TEST_HOST = "$(BUILT_PRODUCTS_DIR)/CV.app/CV";
			};
			name = Debug;
		};
		7727264B25A8D5990037F4A0 /* Release */ = {
			isa = XCBuildConfiguration;
			buildSettings = {
				BUNDLE_LOADER = "$(TEST_HOST)";
				CODE_SIGN_STYLE = Automatic;
				DEVELOPMENT_TEAM = MB77WLZ4ZC;
				INFOPLIST_FILE = CVUnitTests/Info.plist;
				LD_RUNPATH_SEARCH_PATHS = (
					"$(inherited)",
					"@executable_path/Frameworks",
					"@loader_path/Frameworks",
				);
				PRODUCT_BUNDLE_IDENTIFIER = pl.ldo.CVUnitTests;
				PRODUCT_NAME = "$(TARGET_NAME)";
				SWIFT_VERSION = 5.0;
				TARGETED_DEVICE_FAMILY = "1,2";
				TEST_HOST = "$(BUILT_PRODUCTS_DIR)/CV.app/CV";
			};
			name = Release;
		};
		7748DD3B25A8B9300022515E /* Debug */ = {
			isa = XCBuildConfiguration;
			buildSettings = {
				ALWAYS_SEARCH_USER_PATHS = NO;
				CLANG_ANALYZER_NONNULL = YES;
				CLANG_ANALYZER_NUMBER_OBJECT_CONVERSION = YES_AGGRESSIVE;
				CLANG_CXX_LANGUAGE_STANDARD = "gnu++14";
				CLANG_CXX_LIBRARY = "libc++";
				CLANG_ENABLE_MODULES = YES;
				CLANG_ENABLE_OBJC_ARC = YES;
				CLANG_ENABLE_OBJC_WEAK = YES;
				CLANG_WARN_BLOCK_CAPTURE_AUTORELEASING = YES;
				CLANG_WARN_BOOL_CONVERSION = YES;
				CLANG_WARN_COMMA = YES;
				CLANG_WARN_CONSTANT_CONVERSION = YES;
				CLANG_WARN_DEPRECATED_OBJC_IMPLEMENTATIONS = YES;
				CLANG_WARN_DIRECT_OBJC_ISA_USAGE = YES_ERROR;
				CLANG_WARN_DOCUMENTATION_COMMENTS = YES;
				CLANG_WARN_EMPTY_BODY = YES;
				CLANG_WARN_ENUM_CONVERSION = YES;
				CLANG_WARN_INFINITE_RECURSION = YES;
				CLANG_WARN_INT_CONVERSION = YES;
				CLANG_WARN_NON_LITERAL_NULL_CONVERSION = YES;
				CLANG_WARN_OBJC_IMPLICIT_RETAIN_SELF = YES;
				CLANG_WARN_OBJC_LITERAL_CONVERSION = YES;
				CLANG_WARN_OBJC_ROOT_CLASS = YES_ERROR;
				CLANG_WARN_QUOTED_INCLUDE_IN_FRAMEWORK_HEADER = YES;
				CLANG_WARN_RANGE_LOOP_ANALYSIS = YES;
				CLANG_WARN_STRICT_PROTOTYPES = YES;
				CLANG_WARN_SUSPICIOUS_MOVE = YES;
				CLANG_WARN_UNGUARDED_AVAILABILITY = YES_AGGRESSIVE;
				CLANG_WARN_UNREACHABLE_CODE = YES;
				CLANG_WARN__DUPLICATE_METHOD_MATCH = YES;
				COPY_PHASE_STRIP = NO;
				DEBUG_INFORMATION_FORMAT = dwarf;
				ENABLE_STRICT_OBJC_MSGSEND = YES;
				ENABLE_TESTABILITY = YES;
				GCC_C_LANGUAGE_STANDARD = gnu11;
				GCC_DYNAMIC_NO_PIC = NO;
				GCC_NO_COMMON_BLOCKS = YES;
				GCC_OPTIMIZATION_LEVEL = 0;
				GCC_PREPROCESSOR_DEFINITIONS = (
					"DEBUG=1",
					"$(inherited)",
				);
				GCC_WARN_64_TO_32_BIT_CONVERSION = YES;
				GCC_WARN_ABOUT_RETURN_TYPE = YES_ERROR;
				GCC_WARN_UNDECLARED_SELECTOR = YES;
				GCC_WARN_UNINITIALIZED_AUTOS = YES_AGGRESSIVE;
				GCC_WARN_UNUSED_FUNCTION = YES;
				GCC_WARN_UNUSED_VARIABLE = YES;
				IPHONEOS_DEPLOYMENT_TARGET = 14.3;
				MTL_ENABLE_DEBUG_INFO = INCLUDE_SOURCE;
				MTL_FAST_MATH = YES;
				ONLY_ACTIVE_ARCH = YES;
				SDKROOT = iphoneos;
				SWIFT_ACTIVE_COMPILATION_CONDITIONS = DEBUG;
				SWIFT_OPTIMIZATION_LEVEL = "-Onone";
			};
			name = Debug;
		};
		7748DD3C25A8B9300022515E /* Release */ = {
			isa = XCBuildConfiguration;
			buildSettings = {
				ALWAYS_SEARCH_USER_PATHS = NO;
				CLANG_ANALYZER_NONNULL = YES;
				CLANG_ANALYZER_NUMBER_OBJECT_CONVERSION = YES_AGGRESSIVE;
				CLANG_CXX_LANGUAGE_STANDARD = "gnu++14";
				CLANG_CXX_LIBRARY = "libc++";
				CLANG_ENABLE_MODULES = YES;
				CLANG_ENABLE_OBJC_ARC = YES;
				CLANG_ENABLE_OBJC_WEAK = YES;
				CLANG_WARN_BLOCK_CAPTURE_AUTORELEASING = YES;
				CLANG_WARN_BOOL_CONVERSION = YES;
				CLANG_WARN_COMMA = YES;
				CLANG_WARN_CONSTANT_CONVERSION = YES;
				CLANG_WARN_DEPRECATED_OBJC_IMPLEMENTATIONS = YES;
				CLANG_WARN_DIRECT_OBJC_ISA_USAGE = YES_ERROR;
				CLANG_WARN_DOCUMENTATION_COMMENTS = YES;
				CLANG_WARN_EMPTY_BODY = YES;
				CLANG_WARN_ENUM_CONVERSION = YES;
				CLANG_WARN_INFINITE_RECURSION = YES;
				CLANG_WARN_INT_CONVERSION = YES;
				CLANG_WARN_NON_LITERAL_NULL_CONVERSION = YES;
				CLANG_WARN_OBJC_IMPLICIT_RETAIN_SELF = YES;
				CLANG_WARN_OBJC_LITERAL_CONVERSION = YES;
				CLANG_WARN_OBJC_ROOT_CLASS = YES_ERROR;
				CLANG_WARN_QUOTED_INCLUDE_IN_FRAMEWORK_HEADER = YES;
				CLANG_WARN_RANGE_LOOP_ANALYSIS = YES;
				CLANG_WARN_STRICT_PROTOTYPES = YES;
				CLANG_WARN_SUSPICIOUS_MOVE = YES;
				CLANG_WARN_UNGUARDED_AVAILABILITY = YES_AGGRESSIVE;
				CLANG_WARN_UNREACHABLE_CODE = YES;
				CLANG_WARN__DUPLICATE_METHOD_MATCH = YES;
				COPY_PHASE_STRIP = NO;
				DEBUG_INFORMATION_FORMAT = "dwarf-with-dsym";
				ENABLE_NS_ASSERTIONS = NO;
				ENABLE_STRICT_OBJC_MSGSEND = YES;
				GCC_C_LANGUAGE_STANDARD = gnu11;
				GCC_NO_COMMON_BLOCKS = YES;
				GCC_WARN_64_TO_32_BIT_CONVERSION = YES;
				GCC_WARN_ABOUT_RETURN_TYPE = YES_ERROR;
				GCC_WARN_UNDECLARED_SELECTOR = YES;
				GCC_WARN_UNINITIALIZED_AUTOS = YES_AGGRESSIVE;
				GCC_WARN_UNUSED_FUNCTION = YES;
				GCC_WARN_UNUSED_VARIABLE = YES;
				IPHONEOS_DEPLOYMENT_TARGET = 14.3;
				MTL_ENABLE_DEBUG_INFO = NO;
				MTL_FAST_MATH = YES;
				SDKROOT = iphoneos;
				SWIFT_COMPILATION_MODE = wholemodule;
				SWIFT_OPTIMIZATION_LEVEL = "-O";
				VALIDATE_PRODUCT = YES;
			};
			name = Release;
		};
		7748DD3E25A8B9300022515E /* Debug */ = {
			isa = XCBuildConfiguration;
			buildSettings = {
				ASSETCATALOG_COMPILER_APPICON_NAME = AppIcon;
				ASSETCATALOG_COMPILER_GLOBAL_ACCENT_COLOR_NAME = AccentColor;
				CODE_SIGN_STYLE = Automatic;
				DEVELOPMENT_TEAM = MB77WLZ4ZC;
				INFOPLIST_FILE = CV/Info.plist;
				LD_RUNPATH_SEARCH_PATHS = (
					"$(inherited)",
					"@executable_path/Frameworks",
				);
				PRODUCT_BUNDLE_IDENTIFIER = pl.ldo.CV;
				PRODUCT_NAME = "$(TARGET_NAME)";
				SWIFT_VERSION = 5.0;
				TARGETED_DEVICE_FAMILY = 2;
			};
			name = Debug;
		};
		7748DD3F25A8B9300022515E /* Release */ = {
			isa = XCBuildConfiguration;
			buildSettings = {
				ASSETCATALOG_COMPILER_APPICON_NAME = AppIcon;
				ASSETCATALOG_COMPILER_GLOBAL_ACCENT_COLOR_NAME = AccentColor;
				CODE_SIGN_STYLE = Automatic;
				DEVELOPMENT_TEAM = MB77WLZ4ZC;
				INFOPLIST_FILE = CV/Info.plist;
				LD_RUNPATH_SEARCH_PATHS = (
					"$(inherited)",
					"@executable_path/Frameworks",
				);
				PRODUCT_BUNDLE_IDENTIFIER = pl.ldo.CV;
				PRODUCT_NAME = "$(TARGET_NAME)";
				SWIFT_VERSION = 5.0;
				TARGETED_DEVICE_FAMILY = 2;
			};
			name = Release;
		};
/* End XCBuildConfiguration section */

/* Begin XCConfigurationList section */
		7727264925A8D5990037F4A0 /* Build configuration list for PBXNativeTarget "CVUnitTests" */ = {
			isa = XCConfigurationList;
			buildConfigurations = (
				7727264A25A8D5990037F4A0 /* Debug */,
				7727264B25A8D5990037F4A0 /* Release */,
			);
			defaultConfigurationIsVisible = 0;
			defaultConfigurationName = Release;
		};
		7748DD2125A8B9300022515E /* Build configuration list for PBXProject "CV" */ = {
			isa = XCConfigurationList;
			buildConfigurations = (
				7748DD3B25A8B9300022515E /* Debug */,
				7748DD3C25A8B9300022515E /* Release */,
			);
			defaultConfigurationIsVisible = 0;
			defaultConfigurationName = Release;
		};
		7748DD3D25A8B9300022515E /* Build configuration list for PBXNativeTarget "CV" */ = {
			isa = XCConfigurationList;
			buildConfigurations = (
				7748DD3E25A8B9300022515E /* Debug */,
				7748DD3F25A8B9300022515E /* Release */,
			);
			defaultConfigurationIsVisible = 0;
			defaultConfigurationName = Release;
		};
/* End XCConfigurationList section */

/* Begin XCVersionGroup section */
		7748DD3225A8B9300022515E /* CV.xcdatamodeld */ = {
			isa = XCVersionGroup;
			children = (
				7748DD3325A8B9300022515E /* CV.xcdatamodel */,
			);
			currentVersion = 7748DD3325A8B9300022515E /* CV.xcdatamodel */;
			path = CV.xcdatamodeld;
			sourceTree = "<group>";
			versionGroupType = wrapper.xcdatamodel;
		};
/* End XCVersionGroup section */
	};
	rootObject = 7748DD1E25A8B9300022515E /* Project object */;
}
